
Microsoft Visual Studio Solution File, Format Version 12.00
# Visual Studio 15
VisualStudioVersion = 15.0.28307.757
MinimumVisualStudioVersion = 10.0.40219.1
Project("{FAE04EC0-301F-11D3-BF4B-00C04F79EFBC}") = "Senai.OpFlix.WebApi", "Senai.OpFlix.WebApi\Senai.OpFlix.WebApi.csproj", "{EF807A54-8994-410D-ADA0-AA72C68D7B33}"
EndProject
Global
	GlobalSection(SolutionConfigurationPlatforms) = preSolution
		Debug|Any CPU = Debug|Any CPU
		Release|Any CPU = Release|Any CPU
	EndGlobalSection
	GlobalSection(ProjectConfigurationPlatforms) = postSolution
		{EF807A54-8994-410D-ADA0-AA72C68D7B33}.Debug|Any CPU.ActiveCfg = Debug|Any CPU
		{EF807A54-8994-410D-ADA0-AA72C68D7B33}.Debug|Any CPU.Build.0 = Debug|Any CPU
		{EF807A54-8994-410D-ADA0-AA72C68D7B33}.Release|Any CPU.ActiveCfg = Release|Any CPU
		{EF807A54-8994-410D-ADA0-AA72C68D7B33}.Release|Any CPU.Build.0 = Release|Any CPU
	EndGlobalSection
	GlobalSection(SolutionProperties) = preSolution
		HideSolutionNode = FALSE
	EndGlobalSection
	GlobalSection(ExtensibilityGlobals) = postSolution
		SolutionGuid = {9ECFC6BB-A69F-4B1F-B6BB-A64DB55B7C01}
	EndGlobalSection
EndGlobal
